
Microsoft Visual Studio Solution File, Format Version 12.00
# Visual Studio 15
VisualStudioVersion = 15.0.27130.2024
MinimumVisualStudioVersion = 10.0.40219.1
Project("{FAE04EC0-301F-11D3-BF4B-00C04F79EFBC}") = "Property", "LearnDepthChapterOne\Property.csproj", "{EEF5E5C6-EDBB-4CC7-B640-6E0E3D21DC8C}"
EndProject
Project("{FAE04EC0-301F-11D3-BF4B-00C04F79EFBC}") = "Delegate", "LearnDepthChapterTwo\Delegate.csproj", "{0791059D-F6A7-4427-83FC-966A96E3589A}"
EndProject
Project("{FAE04EC0-301F-11D3-BF4B-00C04F79EFBC}") = "TryAnyCSharp", "GenericCSharp\TryAnyCSharp.csproj", "{DBC37949-5C87-42E9-BE43-CADC8F3BFE7C}"
EndProject
Project("{FAE04EC0-301F-11D3-BF4B-00C04F79EFBC}") = "CSLThread", "Thread\CSLThread.csproj", "{C29F676A-7AFC-408D-9727-B10B86BE6BC4}"
EndProject
Project("{FAE04EC0-301F-11D3-BF4B-00C04F79EFBC}") = "TrySomeInterface", "TrySomeInterface\TrySomeInterface.csproj", "{FB2612C9-CCE1-4D79-AB90-809A96666D1F}"
EndProject
Project("{FAE04EC0-301F-11D3-BF4B-00C04F79EFBC}") = "WPF", "WPF\WPF.csproj", "{E9506901-FAD4-40A0-954B-2A3759E11617}"
EndProject
Project("{FAE04EC0-301F-11D3-BF4B-00C04F79EFBC}") = "Gereric", "Gereric\Gereric.csproj", "{3E216D7C-5BF7-46AE-9196-5DC78930FBF7}"
EndProject
Project("{2150E333-8FDC-42A3-9474-1A3956D46DE8}") = "MVVM", "MVVM", "{A51738CC-6B09-4E1F-B424-2D9A8048EFDD}"
EndProject
Project("{FAE04EC0-301F-11D3-BF4B-00C04F79EFBC}") = "INotifyView", "MVVM\INotifyView\INotifyView.csproj", "{B22D9DB3-3BCC-44BB-8CD4-5117C6D996DC}"
EndProject
Project("{FAE04EC0-301F-11D3-BF4B-00C04F79EFBC}") = "LightMVVM", "LightMVVM\LightMVVM.csproj", "{C6B69E37-9589-45CE-8B5C-D147660AE293}"
EndProject
Project("{2150E333-8FDC-42A3-9474-1A3956D46DE8}") = "WPFControl", "WPFControl", "{0BF2C0A8-8E42-4841-8019-FD299FF5EAB1}"
EndProject
Project("{FAE04EC0-301F-11D3-BF4B-00C04F79EFBC}") = "DataGridBinding", "WPFControl\DataGridBinding\DataGridBinding.csproj", "{CADB4E53-E8CF-4FF5-A1F7-2C599F63C631}"
EndProject
Project("{FAE04EC0-301F-11D3-BF4B-00C04F79EFBC}") = "Dynamic_DLR", "DLR\Dynamic_DLR.csproj", "{2D31A236-0F4D-40B5-8E94-D92A9CCFBFDB}"
EndProject
Project("{2150E333-8FDC-42A3-9474-1A3956D46DE8}") = "DataParser", "DataParser", "{0936510D-B082-4265-A442-FFC7594D9C92}"
EndProject
Project("{FAE04EC0-301F-11D3-BF4B-00C04F79EFBC}") = "JsonParser", "Data\JSON\JsonParser\JsonParser.csproj", "{59270F3C-EE15-486C-8E3A-E967F80AD04E}"
EndProject
Project("{FAE04EC0-301F-11D3-BF4B-00C04F79EFBC}") = "GarbageCollect", "GarbageCollect\GarbageCollect.csproj", "{5E8AD347-4616-4C2E-A4F1-43AA199D530A}"
EndProject
Project("{2150E333-8FDC-42A3-9474-1A3956D46DE8}") = "BaseKnowledge", "BaseKnowledge", "{668C51DD-713F-44C9-A279-199D3F5F302A}"
EndProject
Project("{FAE04EC0-301F-11D3-BF4B-00C04F79EFBC}") = "Nullable", "Nullable\Nullable.csproj", "{1CA3BB68-DA88-4377-99A4-AEE2A8B5FE15}"
EndProject
Project("{FAE04EC0-301F-11D3-BF4B-00C04F79EFBC}") = "TryAnyCSharp2", "TryAnyCSharp2\TryAnyCSharp2.csproj", "{1106DD0F-D88F-46EB-8921-9CD04D4A85CA}"
EndProject
Project("{2150E333-8FDC-42A3-9474-1A3956D46DE8}") = "Usage", "Usage", "{5E1EBE81-65DB-4E14-834B-56D43289257D}"
EndProject
Project("{FAE04EC0-301F-11D3-BF4B-00C04F79EFBC}") = "CefSharp_GIS", "Usage\CefSharp_GIS\CefSharp_GIS.csproj", "{39D8977D-2F8F-4112-B269-EFF80AC77E24}"
EndProject
Project("{2150E333-8FDC-42A3-9474-1A3956D46DE8}") = "ViewPage", "ViewPage", "{F39C1077-AA1E-464A-98CD-2AEDB7E7AC34}"
	ProjectSection(SolutionItems) = preProject
		Usage\CefSharp_GIS\ViewPage\pages\AboutLeafLet.html = Usage\CefSharp_GIS\ViewPage\pages\AboutLeafLet.html
	EndProjectSection
EndProject
Global
	GlobalSection(SolutionConfigurationPlatforms) = preSolution
		Debug|x64 = Debug|x64
		Debug|x86 = Debug|x86
		Release|x64 = Release|x64
		Release|x86 = Release|x86
	EndGlobalSection
	GlobalSection(ProjectConfigurationPlatforms) = postSolution
		{EEF5E5C6-EDBB-4CC7-B640-6E0E3D21DC8C}.Debug|x64.ActiveCfg = Debug|x64
		{EEF5E5C6-EDBB-4CC7-B640-6E0E3D21DC8C}.Debug|x64.Build.0 = Debug|x64
		{EEF5E5C6-EDBB-4CC7-B640-6E0E3D21DC8C}.Debug|x86.ActiveCfg = Debug|x86
		{EEF5E5C6-EDBB-4CC7-B640-6E0E3D21DC8C}.Debug|x86.Build.0 = Debug|x86
		{EEF5E5C6-EDBB-4CC7-B640-6E0E3D21DC8C}.Release|x64.ActiveCfg = Release|x64
		{EEF5E5C6-EDBB-4CC7-B640-6E0E3D21DC8C}.Release|x64.Build.0 = Release|x64
		{EEF5E5C6-EDBB-4CC7-B640-6E0E3D21DC8C}.Release|x86.ActiveCfg = Release|x86
		{EEF5E5C6-EDBB-4CC7-B640-6E0E3D21DC8C}.Release|x86.Build.0 = Release|x86
		{0791059D-F6A7-4427-83FC-966A96E3589A}.Debug|x64.ActiveCfg = Debug|x64
		{0791059D-F6A7-4427-83FC-966A96E3589A}.Debug|x64.Build.0 = Debug|x64
		{0791059D-F6A7-4427-83FC-966A96E3589A}.Debug|x86.ActiveCfg = Debug|x86
		{0791059D-F6A7-4427-83FC-966A96E3589A}.Debug|x86.Build.0 = Debug|x86
		{0791059D-F6A7-4427-83FC-966A96E3589A}.Release|x64.ActiveCfg = Release|x64
		{0791059D-F6A7-4427-83FC-966A96E3589A}.Release|x64.Build.0 = Release|x64
		{0791059D-F6A7-4427-83FC-966A96E3589A}.Release|x86.ActiveCfg = Release|x86
		{0791059D-F6A7-4427-83FC-966A96E3589A}.Release|x86.Build.0 = Release|x86
		{DBC37949-5C87-42E9-BE43-CADC8F3BFE7C}.Debug|x64.ActiveCfg = Debug|x64
		{DBC37949-5C87-42E9-BE43-CADC8F3BFE7C}.Debug|x64.Build.0 = Debug|x64
		{DBC37949-5C87-42E9-BE43-CADC8F3BFE7C}.Debug|x86.ActiveCfg = Debug|x86
		{DBC37949-5C87-42E9-BE43-CADC8F3BFE7C}.Debug|x86.Build.0 = Debug|x86
		{DBC37949-5C87-42E9-BE43-CADC8F3BFE7C}.Release|x64.ActiveCfg = Release|x64
		{DBC37949-5C87-42E9-BE43-CADC8F3BFE7C}.Release|x64.Build.0 = Release|x64
		{DBC37949-5C87-42E9-BE43-CADC8F3BFE7C}.Release|x86.ActiveCfg = Release|x86
		{DBC37949-5C87-42E9-BE43-CADC8F3BFE7C}.Release|x86.Build.0 = Release|x86
		{C29F676A-7AFC-408D-9727-B10B86BE6BC4}.Debug|x64.ActiveCfg = Debug|x64
		{C29F676A-7AFC-408D-9727-B10B86BE6BC4}.Debug|x64.Build.0 = Debug|x64
		{C29F676A-7AFC-408D-9727-B10B86BE6BC4}.Debug|x86.ActiveCfg = Debug|x86
		{C29F676A-7AFC-408D-9727-B10B86BE6BC4}.Debug|x86.Build.0 = Debug|x86
		{C29F676A-7AFC-408D-9727-B10B86BE6BC4}.Release|x64.ActiveCfg = Release|x64
		{C29F676A-7AFC-408D-9727-B10B86BE6BC4}.Release|x64.Build.0 = Release|x64
		{C29F676A-7AFC-408D-9727-B10B86BE6BC4}.Release|x86.ActiveCfg = Release|x86
		{C29F676A-7AFC-408D-9727-B10B86BE6BC4}.Release|x86.Build.0 = Release|x86
		{FB2612C9-CCE1-4D79-AB90-809A96666D1F}.Debug|x64.ActiveCfg = Debug|x64
		{FB2612C9-CCE1-4D79-AB90-809A96666D1F}.Debug|x64.Build.0 = Debug|x64
		{FB2612C9-CCE1-4D79-AB90-809A96666D1F}.Debug|x86.ActiveCfg = Debug|x86
		{FB2612C9-CCE1-4D79-AB90-809A96666D1F}.Debug|x86.Build.0 = Debug|x86
		{FB2612C9-CCE1-4D79-AB90-809A96666D1F}.Release|x64.ActiveCfg = Release|x64
		{FB2612C9-CCE1-4D79-AB90-809A96666D1F}.Release|x64.Build.0 = Release|x64
		{FB2612C9-CCE1-4D79-AB90-809A96666D1F}.Release|x86.ActiveCfg = Release|x86
		{FB2612C9-CCE1-4D79-AB90-809A96666D1F}.Release|x86.Build.0 = Release|x86
		{E9506901-FAD4-40A0-954B-2A3759E11617}.Debug|x64.ActiveCfg = Debug|x64
		{E9506901-FAD4-40A0-954B-2A3759E11617}.Debug|x64.Build.0 = Debug|x64
		{E9506901-FAD4-40A0-954B-2A3759E11617}.Debug|x86.ActiveCfg = Debug|x86
		{E9506901-FAD4-40A0-954B-2A3759E11617}.Debug|x86.Build.0 = Debug|x86
		{E9506901-FAD4-40A0-954B-2A3759E11617}.Release|x64.ActiveCfg = Release|x64
		{E9506901-FAD4-40A0-954B-2A3759E11617}.Release|x64.Build.0 = Release|x64
		{E9506901-FAD4-40A0-954B-2A3759E11617}.Release|x86.ActiveCfg = Release|x86
		{E9506901-FAD4-40A0-954B-2A3759E11617}.Release|x86.Build.0 = Release|x86
		{3E216D7C-5BF7-46AE-9196-5DC78930FBF7}.Debug|x64.ActiveCfg = Debug|x64
		{3E216D7C-5BF7-46AE-9196-5DC78930FBF7}.Debug|x64.Build.0 = Debug|x64
		{3E216D7C-5BF7-46AE-9196-5DC78930FBF7}.Debug|x86.ActiveCfg = Debug|x86
		{3E216D7C-5BF7-46AE-9196-5DC78930FBF7}.Debug|x86.Build.0 = Debug|x86
		{3E216D7C-5BF7-46AE-9196-5DC78930FBF7}.Release|x64.ActiveCfg = Release|x64
		{3E216D7C-5BF7-46AE-9196-5DC78930FBF7}.Release|x64.Build.0 = Release|x64
		{3E216D7C-5BF7-46AE-9196-5DC78930FBF7}.Release|x86.ActiveCfg = Release|x86
		{3E216D7C-5BF7-46AE-9196-5DC78930FBF7}.Release|x86.Build.0 = Release|x86
		{B22D9DB3-3BCC-44BB-8CD4-5117C6D996DC}.Debug|x64.ActiveCfg = Debug|x64
		{B22D9DB3-3BCC-44BB-8CD4-5117C6D996DC}.Debug|x64.Build.0 = Debug|x64
		{B22D9DB3-3BCC-44BB-8CD4-5117C6D996DC}.Debug|x86.ActiveCfg = Debug|x86
		{B22D9DB3-3BCC-44BB-8CD4-5117C6D996DC}.Debug|x86.Build.0 = Debug|x86
		{B22D9DB3-3BCC-44BB-8CD4-5117C6D996DC}.Release|x64.ActiveCfg = Release|x64
		{B22D9DB3-3BCC-44BB-8CD4-5117C6D996DC}.Release|x64.Build.0 = Release|x64
		{B22D9DB3-3BCC-44BB-8CD4-5117C6D996DC}.Release|x86.ActiveCfg = Release|x86
		{B22D9DB3-3BCC-44BB-8CD4-5117C6D996DC}.Release|x86.Build.0 = Release|x86
		{C6B69E37-9589-45CE-8B5C-D147660AE293}.Debug|x64.ActiveCfg = Debug|x64
		{C6B69E37-9589-45CE-8B5C-D147660AE293}.Debug|x64.Build.0 = Debug|x64
		{C6B69E37-9589-45CE-8B5C-D147660AE293}.Debug|x86.ActiveCfg = Debug|x86
		{C6B69E37-9589-45CE-8B5C-D147660AE293}.Debug|x86.Build.0 = Debug|x86
		{C6B69E37-9589-45CE-8B5C-D147660AE293}.Release|x64.ActiveCfg = Release|x64
		{C6B69E37-9589-45CE-8B5C-D147660AE293}.Release|x64.Build.0 = Release|x64
		{C6B69E37-9589-45CE-8B5C-D147660AE293}.Release|x86.ActiveCfg = Release|x86
		{C6B69E37-9589-45CE-8B5C-D147660AE293}.Release|x86.Build.0 = Release|x86
		{CADB4E53-E8CF-4FF5-A1F7-2C599F63C631}.Debug|x64.ActiveCfg = Debug|x64
		{CADB4E53-E8CF-4FF5-A1F7-2C599F63C631}.Debug|x86.ActiveCfg = Debug|x86
		{CADB4E53-E8CF-4FF5-A1F7-2C599F63C631}.Release|x64.ActiveCfg = Release|x64
		{CADB4E53-E8CF-4FF5-A1F7-2C599F63C631}.Release|x86.ActiveCfg = Release|x86
		{2D31A236-0F4D-40B5-8E94-D92A9CCFBFDB}.Debug|x64.ActiveCfg = Debug|x64
		{2D31A236-0F4D-40B5-8E94-D92A9CCFBFDB}.Debug|x64.Build.0 = Debug|x64
		{2D31A236-0F4D-40B5-8E94-D92A9CCFBFDB}.Debug|x86.ActiveCfg = Debug|x86
		{2D31A236-0F4D-40B5-8E94-D92A9CCFBFDB}.Debug|x86.Build.0 = Debug|x86
		{2D31A236-0F4D-40B5-8E94-D92A9CCFBFDB}.Release|x64.ActiveCfg = Release|x64
		{2D31A236-0F4D-40B5-8E94-D92A9CCFBFDB}.Release|x64.Build.0 = Release|x64
		{2D31A236-0F4D-40B5-8E94-D92A9CCFBFDB}.Release|x86.ActiveCfg = Release|x86
		{2D31A236-0F4D-40B5-8E94-D92A9CCFBFDB}.Release|x86.Build.0 = Release|x86
		{59270F3C-EE15-486C-8E3A-E967F80AD04E}.Debug|x64.ActiveCfg = Debug|x64
		{59270F3C-EE15-486C-8E3A-E967F80AD04E}.Debug|x64.Build.0 = Debug|x64
		{59270F3C-EE15-486C-8E3A-E967F80AD04E}.Debug|x86.ActiveCfg = Debug|x86
		{59270F3C-EE15-486C-8E3A-E967F80AD04E}.Debug|x86.Build.0 = Debug|x86
		{59270F3C-EE15-486C-8E3A-E967F80AD04E}.Release|x64.ActiveCfg = Release|x64
		{59270F3C-EE15-486C-8E3A-E967F80AD04E}.Release|x64.Build.0 = Release|x64
		{59270F3C-EE15-486C-8E3A-E967F80AD04E}.Release|x86.ActiveCfg = Release|x86
		{59270F3C-EE15-486C-8E3A-E967F80AD04E}.Release|x86.Build.0 = Release|x86
		{5E8AD347-4616-4C2E-A4F1-43AA199D530A}.Debug|x64.ActiveCfg = Debug|x64
		{5E8AD347-4616-4C2E-A4F1-43AA199D530A}.Debug|x64.Build.0 = Debug|x64
		{5E8AD347-4616-4C2E-A4F1-43AA199D530A}.Debug|x86.ActiveCfg = Debug|x86
		{5E8AD347-4616-4C2E-A4F1-43AA199D530A}.Debug|x86.Build.0 = Debug|x86
		{5E8AD347-4616-4C2E-A4F1-43AA199D530A}.Release|x64.ActiveCfg = Release|x64
		{5E8AD347-4616-4C2E-A4F1-43AA199D530A}.Release|x64.Build.0 = Release|x64
		{5E8AD347-4616-4C2E-A4F1-43AA199D530A}.Release|x86.ActiveCfg = Release|x86
		{5E8AD347-4616-4C2E-A4F1-43AA199D530A}.Release|x86.Build.0 = Release|x86
		{1CA3BB68-DA88-4377-99A4-AEE2A8B5FE15}.Debug|x64.ActiveCfg = Debug|x64
		{1CA3BB68-DA88-4377-99A4-AEE2A8B5FE15}.Debug|x64.Build.0 = Debug|x64
		{1CA3BB68-DA88-4377-99A4-AEE2A8B5FE15}.Debug|x86.ActiveCfg = Debug|x86
		{1CA3BB68-DA88-4377-99A4-AEE2A8B5FE15}.Debug|x86.Build.0 = Debug|x86
		{1CA3BB68-DA88-4377-99A4-AEE2A8B5FE15}.Release|x64.ActiveCfg = Release|x64
		{1CA3BB68-DA88-4377-99A4-AEE2A8B5FE15}.Release|x64.Build.0 = Release|x64
		{1CA3BB68-DA88-4377-99A4-AEE2A8B5FE15}.Release|x86.ActiveCfg = Release|x86
		{1CA3BB68-DA88-4377-99A4-AEE2A8B5FE15}.Release|x86.Build.0 = Release|x86
		{1106DD0F-D88F-46EB-8921-9CD04D4A85CA}.Debug|x64.ActiveCfg = Debug|x64
		{1106DD0F-D88F-46EB-8921-9CD04D4A85CA}.Debug|x64.Build.0 = Debug|x64
		{1106DD0F-D88F-46EB-8921-9CD04D4A85CA}.Debug|x86.ActiveCfg = Debug|x86
		{1106DD0F-D88F-46EB-8921-9CD04D4A85CA}.Debug|x86.Build.0 = Debug|x86
		{1106DD0F-D88F-46EB-8921-9CD04D4A85CA}.Release|x64.ActiveCfg = Release|x64
		{1106DD0F-D88F-46EB-8921-9CD04D4A85CA}.Release|x64.Build.0 = Release|x64
		{1106DD0F-D88F-46EB-8921-9CD04D4A85CA}.Release|x86.ActiveCfg = Release|x86
		{1106DD0F-D88F-46EB-8921-9CD04D4A85CA}.Release|x86.Build.0 = Release|x86
		{39D8977D-2F8F-4112-B269-EFF80AC77E24}.Debug|x64.ActiveCfg = Debug|x64
		{39D8977D-2F8F-4112-B269-EFF80AC77E24}.Debug|x64.Build.0 = Debug|x64
		{39D8977D-2F8F-4112-B269-EFF80AC77E24}.Debug|x86.ActiveCfg = Debug|x86
		{39D8977D-2F8F-4112-B269-EFF80AC77E24}.Debug|x86.Build.0 = Debug|x86
		{39D8977D-2F8F-4112-B269-EFF80AC77E24}.Release|x64.ActiveCfg = Release|Any CPU
		{39D8977D-2F8F-4112-B269-EFF80AC77E24}.Release|x64.Build.0 = Release|Any CPU
		{39D8977D-2F8F-4112-B269-EFF80AC77E24}.Release|x86.ActiveCfg = Release|x86
		{39D8977D-2F8F-4112-B269-EFF80AC77E24}.Release|x86.Build.0 = Release|x86
	EndGlobalSection
	GlobalSection(SolutionProperties) = preSolution
		HideSolutionNode = FALSE
	EndGlobalSection
	GlobalSection(NestedProjects) = preSolution
		{EEF5E5C6-EDBB-4CC7-B640-6E0E3D21DC8C} = {668C51DD-713F-44C9-A279-199D3F5F302A}
		{0791059D-F6A7-4427-83FC-966A96E3589A} = {668C51DD-713F-44C9-A279-199D3F5F302A}
		{FB2612C9-CCE1-4D79-AB90-809A96666D1F} = {668C51DD-713F-44C9-A279-199D3F5F302A}
		{3E216D7C-5BF7-46AE-9196-5DC78930FBF7} = {668C51DD-713F-44C9-A279-199D3F5F302A}
		{B22D9DB3-3BCC-44BB-8CD4-5117C6D996DC} = {A51738CC-6B09-4E1F-B424-2D9A8048EFDD}
		{C6B69E37-9589-45CE-8B5C-D147660AE293} = {A51738CC-6B09-4E1F-B424-2D9A8048EFDD}
		{CADB4E53-E8CF-4FF5-A1F7-2C599F63C631} = {0BF2C0A8-8E42-4841-8019-FD299FF5EAB1}
		{59270F3C-EE15-486C-8E3A-E967F80AD04E} = {0936510D-B082-4265-A442-FFC7594D9C92}
		{1CA3BB68-DA88-4377-99A4-AEE2A8B5FE15} = {668C51DD-713F-44C9-A279-199D3F5F302A}
		{39D8977D-2F8F-4112-B269-EFF80AC77E24} = {5E1EBE81-65DB-4E14-834B-56D43289257D}
		{F39C1077-AA1E-464A-98CD-2AEDB7E7AC34} = {5E1EBE81-65DB-4E14-834B-56D43289257D}
	EndGlobalSection
	GlobalSection(ExtensibilityGlobals) = postSolution
		SolutionGuid = {F8462AB2-2876-4860-80C2-F655939F872E}
	EndGlobalSection
EndGlobal
